{
  "name": "olsen",
  "lockfileVersion": 2,
  "requires": true,
  "packages": {
    "": {
      "dependencies": {
        "jquery": "^3.6.2",
        "splitting": "^1.0.6"
      }
    },
    "node_modules/jquery": {
      "version": "3.6.2",
      "resolved": "https://registry.npmjs.org/jquery/-/jquery-3.6.2.tgz",
      "integrity": "sha512-/e7ulNIEEYk1Z/l4X0vpxGt+B/dNsV8ghOPAWZaJs8pkGvsSC0tm33aMGylXcj/U7y4IcvwtMXPMyBFZn/gK9A=="
    },
    "node_modules/splitting": {
      "version": "1.0.6",
      "resolved": "https://registry.npmjs.org/splitting/-/splitting-1.0.6.tgz",
      "integrity": "sha512-2hYicS/hTy1MgjTi4ST6B298uoLSx854VfTf0FeMmCeE6OiZjEixTOGPLqnNzSaM/y3jwoEYj5pmDzYFwRInPw=="
    }
  },
  "dependencies": {
    "jquery": {
      "version": "3.6.2",
      "resolved": "https://registry.npmjs.org/jquery/-/jquery-3.6.2.tgz",
      "integrity": "sha512-/e7ulNIEEYk1Z/l4X0vpxGt+B/dNsV8ghOPAWZaJs8pkGvsSC0tm33aMGylXcj/U7y4IcvwtMXPMyBFZn/gK9A=="
    },
    "splitting": {
      "version": "1.0.6",
      "resolved": "https://registry.npmjs.org/splitting/-/splitting-1.0.6.tgz",
      "integrity": "sha512-2hYicS/hTy1MgjTi4ST6B298uoLSx854VfTf0FeMmCeE6OiZjEixTOGPLqnNzSaM/y3jwoEYj5pmDzYFwRInPw=="
    }
  }
}
